
Microsoft Visual Studio Solution File, Format Version 12.00
# Visual Studio Version 17
VisualStudioVersion = 17.10.35027.167
MinimumVisualStudioVersion = 10.0.40219.1
Project("{8BC9CEB8-8B4A-11D0-8D11-00A0C91BC942}") = "ModernCPP_rvalue", "ModernCPP_rvalue\ModernCPP_rvalue.vcxproj", "{EECEAA97-E592-4837-BBF0-B5584B06C94D}"
EndProject
Global
	GlobalSection(SolutionConfigurationPlatforms) = preSolution
		Debug|x64 = Debug|x64
		Debug|x86 = Debug|x86
		Release|x64 = Release|x64
		Release|x86 = Release|x86
	EndGlobalSection
	GlobalSection(ProjectConfigurationPlatforms) = postSolution
		{EECEAA97-E592-4837-BBF0-B5584B06C94D}.Debug|x64.ActiveCfg = Debug|x64
		{EECEAA97-E592-4837-BBF0-B5584B06C94D}.Debug|x64.Build.0 = Debug|x64
		{EECEAA97-E592-4837-BBF0-B5584B06C94D}.Debug|x86.ActiveCfg = Debug|Win32
		{EECEAA97-E592-4837-BBF0-B5584B06C94D}.Debug|x86.Build.0 = Debug|Win32
		{EECEAA97-E592-4837-BBF0-B5584B06C94D}.Release|x64.ActiveCfg = Release|x64
		{EECEAA97-E592-4837-BBF0-B5584B06C94D}.Release|x64.Build.0 = Release|x64
		{EECEAA97-E592-4837-BBF0-B5584B06C94D}.Release|x86.ActiveCfg = Release|Win32
		{EECEAA97-E592-4837-BBF0-B5584B06C94D}.Release|x86.Build.0 = Release|Win32
	EndGlobalSection
	GlobalSection(SolutionProperties) = preSolution
		HideSolutionNode = FALSE
	EndGlobalSection
	GlobalSection(ExtensibilityGlobals) = postSolution
		SolutionGuid = {394F360B-081E-46DE-AC64-47E12740E036}
	EndGlobalSection
EndGlobal
