
Microsoft Visual Studio Solution File, Format Version 12.00
# Visual Studio 15
VisualStudioVersion = 15.0.34829.251
MinimumVisualStudioVersion = 10.0.40219.1
Project("{8BC9CEB8-8B4A-11D0-8D11-00A0C91BC942}") = "Sectoring_IOCP", "Sectoring_IOCP\Sectoring_IOCP.vcxproj", "{C156D685-2C9C-4026-9C28-58E15461DAFA}"
EndProject
Global
	GlobalSection(SolutionConfigurationPlatforms) = preSolution
		Debug|x64 = Debug|x64
		Debug|x86 = Debug|x86
		Release|x64 = Release|x64
		Release|x86 = Release|x86
	EndGlobalSection
	GlobalSection(ProjectConfigurationPlatforms) = postSolution
		{C156D685-2C9C-4026-9C28-58E15461DAFA}.Debug|x64.ActiveCfg = Debug|x64
		{C156D685-2C9C-4026-9C28-58E15461DAFA}.Debug|x64.Build.0 = Debug|x64
		{C156D685-2C9C-4026-9C28-58E15461DAFA}.Debug|x86.ActiveCfg = Debug|Win32
		{C156D685-2C9C-4026-9C28-58E15461DAFA}.Debug|x86.Build.0 = Debug|Win32
		{C156D685-2C9C-4026-9C28-58E15461DAFA}.Release|x64.ActiveCfg = Release|x64
		{C156D685-2C9C-4026-9C28-58E15461DAFA}.Release|x64.Build.0 = Release|x64
		{C156D685-2C9C-4026-9C28-58E15461DAFA}.Release|x86.ActiveCfg = Release|Win32
		{C156D685-2C9C-4026-9C28-58E15461DAFA}.Release|x86.Build.0 = Release|Win32
	EndGlobalSection
	GlobalSection(SolutionProperties) = preSolution
		HideSolutionNode = FALSE
	EndGlobalSection
	GlobalSection(ExtensibilityGlobals) = postSolution
		SolutionGuid = {B1B39D27-6282-45DB-B7B9-6ACB096E2B88}
	EndGlobalSection
EndGlobal
