
Microsoft Visual Studio Solution File, Format Version 12.00
# Visual Studio Version 16
VisualStudioVersion = 16.0.29709.97
MinimumVisualStudioVersion = 10.0.40219.1
Project("{8BC9CEB8-8B4A-11D0-8D11-00A0C91BC942}") = "CPP_Study_5_Pointer_vs_Reference", "CPP_Study_5_Pointer_vs_Reference\CPP_Study_5_Pointer_vs_Reference.vcxproj", "{2A8F25B4-4ADA-4057-B812-B69A8852D1DC}"
EndProject
Global
	GlobalSection(SolutionConfigurationPlatforms) = preSolution
		Debug|x64 = Debug|x64
		Debug|x86 = Debug|x86
		Release|x64 = Release|x64
		Release|x86 = Release|x86
	EndGlobalSection
	GlobalSection(ProjectConfigurationPlatforms) = postSolution
		{2A8F25B4-4ADA-4057-B812-B69A8852D1DC}.Debug|x64.ActiveCfg = Debug|x64
		{2A8F25B4-4ADA-4057-B812-B69A8852D1DC}.Debug|x64.Build.0 = Debug|x64
		{2A8F25B4-4ADA-4057-B812-B69A8852D1DC}.Debug|x86.ActiveCfg = Debug|Win32
		{2A8F25B4-4ADA-4057-B812-B69A8852D1DC}.Debug|x86.Build.0 = Debug|Win32
		{2A8F25B4-4ADA-4057-B812-B69A8852D1DC}.Release|x64.ActiveCfg = Release|x64
		{2A8F25B4-4ADA-4057-B812-B69A8852D1DC}.Release|x64.Build.0 = Release|x64
		{2A8F25B4-4ADA-4057-B812-B69A8852D1DC}.Release|x86.ActiveCfg = Release|Win32
		{2A8F25B4-4ADA-4057-B812-B69A8852D1DC}.Release|x86.Build.0 = Release|Win32
	EndGlobalSection
	GlobalSection(SolutionProperties) = preSolution
		HideSolutionNode = FALSE
	EndGlobalSection
	GlobalSection(ExtensibilityGlobals) = postSolution
		SolutionGuid = {D2B551CA-2B56-4B9E-8EB7-70BBCAC9EC7D}
	EndGlobalSection
EndGlobal
