
Microsoft Visual Studio Solution File, Format Version 12.00
# Visual Studio Version 16
VisualStudioVersion = 16.0.29709.97
MinimumVisualStudioVersion = 10.0.40219.1
Project("{8BC9CEB8-8B4A-11D0-8D11-00A0C91BC942}") = "CPP_Study_Pointer_2_PointerCalculation", "CPP_Study_Pointer_2_PointerCalculation\CPP_Study_Pointer_2_PointerCalculation.vcxproj", "{1475DF12-E56E-4722-8E76-7D72F719C90A}"
EndProject
Global
	GlobalSection(SolutionConfigurationPlatforms) = preSolution
		Debug|x64 = Debug|x64
		Debug|x86 = Debug|x86
		Release|x64 = Release|x64
		Release|x86 = Release|x86
	EndGlobalSection
	GlobalSection(ProjectConfigurationPlatforms) = postSolution
		{1475DF12-E56E-4722-8E76-7D72F719C90A}.Debug|x64.ActiveCfg = Debug|x64
		{1475DF12-E56E-4722-8E76-7D72F719C90A}.Debug|x64.Build.0 = Debug|x64
		{1475DF12-E56E-4722-8E76-7D72F719C90A}.Debug|x86.ActiveCfg = Debug|Win32
		{1475DF12-E56E-4722-8E76-7D72F719C90A}.Debug|x86.Build.0 = Debug|Win32
		{1475DF12-E56E-4722-8E76-7D72F719C90A}.Release|x64.ActiveCfg = Release|x64
		{1475DF12-E56E-4722-8E76-7D72F719C90A}.Release|x64.Build.0 = Release|x64
		{1475DF12-E56E-4722-8E76-7D72F719C90A}.Release|x86.ActiveCfg = Release|Win32
		{1475DF12-E56E-4722-8E76-7D72F719C90A}.Release|x86.Build.0 = Release|Win32
	EndGlobalSection
	GlobalSection(SolutionProperties) = preSolution
		HideSolutionNode = FALSE
	EndGlobalSection
	GlobalSection(ExtensibilityGlobals) = postSolution
		SolutionGuid = {04818EB1-DD38-47C9-8DB2-7DE367A5BBD7}
	EndGlobalSection
EndGlobal
