
Microsoft Visual Studio Solution File, Format Version 12.00
# Visual Studio Version 16
VisualStudioVersion = 16.0.29709.97
MinimumVisualStudioVersion = 10.0.40219.1
Project("{8BC9CEB8-8B4A-11D0-8D11-00A0C91BC942}") = "CPP_Study_Enumeration", "CPP_Study_Enumeration\CPP_Study_Enumeration.vcxproj", "{FF129B23-DBA9-4D20-A149-B18805B28628}"
EndProject
Global
	GlobalSection(SolutionConfigurationPlatforms) = preSolution
		Debug|x64 = Debug|x64
		Debug|x86 = Debug|x86
		Release|x64 = Release|x64
		Release|x86 = Release|x86
	EndGlobalSection
	GlobalSection(ProjectConfigurationPlatforms) = postSolution
		{FF129B23-DBA9-4D20-A149-B18805B28628}.Debug|x64.ActiveCfg = Debug|x64
		{FF129B23-DBA9-4D20-A149-B18805B28628}.Debug|x64.Build.0 = Debug|x64
		{FF129B23-DBA9-4D20-A149-B18805B28628}.Debug|x86.ActiveCfg = Debug|Win32
		{FF129B23-DBA9-4D20-A149-B18805B28628}.Debug|x86.Build.0 = Debug|Win32
		{FF129B23-DBA9-4D20-A149-B18805B28628}.Release|x64.ActiveCfg = Release|x64
		{FF129B23-DBA9-4D20-A149-B18805B28628}.Release|x64.Build.0 = Release|x64
		{FF129B23-DBA9-4D20-A149-B18805B28628}.Release|x86.ActiveCfg = Release|Win32
		{FF129B23-DBA9-4D20-A149-B18805B28628}.Release|x86.Build.0 = Release|Win32
	EndGlobalSection
	GlobalSection(SolutionProperties) = preSolution
		HideSolutionNode = FALSE
	EndGlobalSection
	GlobalSection(ExtensibilityGlobals) = postSolution
		SolutionGuid = {59A3B713-863E-46B7-BA52-18555F12B93E}
	EndGlobalSection
EndGlobal
