
Microsoft Visual Studio Solution File, Format Version 12.00
# Visual Studio Version 17
VisualStudioVersion = 17.5.33424.131
MinimumVisualStudioVersion = 10.0.40219.1
Project("{8BC9CEB8-8B4A-11D0-8D11-00A0C91BC942}") = "2_Pointer_Operator", "2_Pointer_Operator\2_Pointer_Operator.vcxproj", "{E58D1F3B-D449-4A3F-BCD8-56D33EDEBBFF}"
EndProject
Global
	GlobalSection(SolutionConfigurationPlatforms) = preSolution
		Debug|x64 = Debug|x64
		Debug|x86 = Debug|x86
		Release|x64 = Release|x64
		Release|x86 = Release|x86
	EndGlobalSection
	GlobalSection(ProjectConfigurationPlatforms) = postSolution
		{E58D1F3B-D449-4A3F-BCD8-56D33EDEBBFF}.Debug|x64.ActiveCfg = Debug|x64
		{E58D1F3B-D449-4A3F-BCD8-56D33EDEBBFF}.Debug|x64.Build.0 = Debug|x64
		{E58D1F3B-D449-4A3F-BCD8-56D33EDEBBFF}.Debug|x86.ActiveCfg = Debug|Win32
		{E58D1F3B-D449-4A3F-BCD8-56D33EDEBBFF}.Debug|x86.Build.0 = Debug|Win32
		{E58D1F3B-D449-4A3F-BCD8-56D33EDEBBFF}.Release|x64.ActiveCfg = Release|x64
		{E58D1F3B-D449-4A3F-BCD8-56D33EDEBBFF}.Release|x64.Build.0 = Release|x64
		{E58D1F3B-D449-4A3F-BCD8-56D33EDEBBFF}.Release|x86.ActiveCfg = Release|Win32
		{E58D1F3B-D449-4A3F-BCD8-56D33EDEBBFF}.Release|x86.Build.0 = Release|Win32
	EndGlobalSection
	GlobalSection(SolutionProperties) = preSolution
		HideSolutionNode = FALSE
	EndGlobalSection
	GlobalSection(ExtensibilityGlobals) = postSolution
		SolutionGuid = {6C3E8EE7-2402-4B8A-9A81-CA49BB480EF4}
	EndGlobalSection
EndGlobal
